
Microsoft Visual Studio Solution File, Format Version 12.00
# Visual Studio Version 17
VisualStudioVersion = 17.0.31903.59
MinimumVisualStudioVersion = 10.0.40219.1
Project("{2150E333-8FDC-42A3-9474-1A3956D46DE8}") = "src", "src", "{827E0CD3-B72D-47B6-A68D-7590B98EB39B}"
EndProject
Project("{FAE04EC0-301F-11D3-BF4B-00C04F79EFBC}") = "Neillans.TemplateKit.Auth", "src\building-blocks\Neillans.TemplateKit.Auth\Neillans.TemplateKit.Auth.csproj", "{E508C128-6CBC-4CB8-9C49-AD8100348E78}"
EndProject
Project("{FAE04EC0-301F-11D3-BF4B-00C04F79EFBC}") = "Neillans.TemplateKit.Data", "src\building-blocks\Neillans.TemplateKit.Data\Neillans.TemplateKit.Data.csproj", "{9CA8E467-3997-4B65-9B50-49525E3284A6}"
EndProject
Project("{2150E333-8FDC-42A3-9474-1A3956D46DE8}") = "tests", "tests", "{0AB3BF05-4346-4AA6-1389-037BE0695223}"
EndProject
Project("{FAE04EC0-301F-11D3-BF4B-00C04F79EFBC}") = "Neillans.TemplateKit.Auth.Tests", "tests\Neillans.TemplateKit.Auth.Tests\Neillans.TemplateKit.Auth.Tests.csproj", "{E7269126-F550-4EAF-BF45-242E94682C13}"
EndProject
Project("{FAE04EC0-301F-11D3-BF4B-00C04F79EFBC}") = "Neillans.TemplateKit.Data.Tests", "tests\Neillans.TemplateKit.Data.Tests\Neillans.TemplateKit.Data.Tests.csproj", "{27E940D6-D12A-4EFF-8CCA-9E440452F8F2}"
EndProject
Global
	GlobalSection(SolutionConfigurationPlatforms) = preSolution
		Debug|Any CPU = Debug|Any CPU
		Debug|x64 = Debug|x64
		Debug|x86 = Debug|x86
		Release|Any CPU = Release|Any CPU
		Release|x64 = Release|x64
		Release|x86 = Release|x86
	EndGlobalSection
	GlobalSection(ProjectConfigurationPlatforms) = postSolution
		{E508C128-6CBC-4CB8-9C49-AD8100348E78}.Debug|Any CPU.ActiveCfg = Debug|Any CPU
		{E508C128-6CBC-4CB8-9C49-AD8100348E78}.Debug|Any CPU.Build.0 = Debug|Any CPU
		{E508C128-6CBC-4CB8-9C49-AD8100348E78}.Debug|x64.ActiveCfg = Debug|Any CPU
		{E508C128-6CBC-4CB8-9C49-AD8100348E78}.Debug|x64.Build.0 = Debug|Any CPU
		{E508C128-6CBC-4CB8-9C49-AD8100348E78}.Debug|x86.ActiveCfg = Debug|Any CPU
		{E508C128-6CBC-4CB8-9C49-AD8100348E78}.Debug|x86.Build.0 = Debug|Any CPU
		{E508C128-6CBC-4CB8-9C49-AD8100348E78}.Release|Any CPU.ActiveCfg = Release|Any CPU
		{E508C128-6CBC-4CB8-9C49-AD8100348E78}.Release|Any CPU.Build.0 = Release|Any CPU
		{E508C128-6CBC-4CB8-9C49-AD8100348E78}.Release|x64.ActiveCfg = Release|Any CPU
		{E508C128-6CBC-4CB8-9C49-AD8100348E78}.Release|x64.Build.0 = Release|Any CPU
		{E508C128-6CBC-4CB8-9C49-AD8100348E78}.Release|x86.ActiveCfg = Release|Any CPU
		{E508C128-6CBC-4CB8-9C49-AD8100348E78}.Release|x86.Build.0 = Release|Any CPU
		{9CA8E467-3997-4B65-9B50-49525E3284A6}.Debug|Any CPU.ActiveCfg = Debug|Any CPU
		{9CA8E467-3997-4B65-9B50-49525E3284A6}.Debug|Any CPU.Build.0 = Debug|Any CPU
		{9CA8E467-3997-4B65-9B50-49525E3284A6}.Debug|x64.ActiveCfg = Debug|Any CPU
		{9CA8E467-3997-4B65-9B50-49525E3284A6}.Debug|x64.Build.0 = Debug|Any CPU
		{9CA8E467-3997-4B65-9B50-49525E3284A6}.Debug|x86.ActiveCfg = Debug|Any CPU
		{9CA8E467-3997-4B65-9B50-49525E3284A6}.Debug|x86.Build.0 = Debug|Any CPU
		{9CA8E467-3997-4B65-9B50-49525E3284A6}.Release|Any CPU.ActiveCfg = Release|Any CPU
		{9CA8E467-3997-4B65-9B50-49525E3284A6}.Release|Any CPU.Build.0 = Release|Any CPU
		{9CA8E467-3997-4B65-9B50-49525E3284A6}.Release|x64.ActiveCfg = Release|Any CPU
		{9CA8E467-3997-4B65-9B50-49525E3284A6}.Release|x64.Build.0 = Release|Any CPU
		{9CA8E467-3997-4B65-9B50-49525E3284A6}.Release|x86.ActiveCfg = Release|Any CPU
		{9CA8E467-3997-4B65-9B50-49525E3284A6}.Release|x86.Build.0 = Release|Any CPU
		{E7269126-F550-4EAF-BF45-242E94682C13}.Debug|Any CPU.ActiveCfg = Debug|Any CPU
		{E7269126-F550-4EAF-BF45-242E94682C13}.Debug|Any CPU.Build.0 = Debug|Any CPU
		{E7269126-F550-4EAF-BF45-242E94682C13}.Debug|x64.ActiveCfg = Debug|Any CPU
		{E7269126-F550-4EAF-BF45-242E94682C13}.Debug|x64.Build.0 = Debug|Any CPU
		{E7269126-F550-4EAF-BF45-242E94682C13}.Debug|x86.ActiveCfg = Debug|Any CPU
		{E7269126-F550-4EAF-BF45-242E94682C13}.Debug|x86.Build.0 = Debug|Any CPU
		{E7269126-F550-4EAF-BF45-242E94682C13}.Release|Any CPU.ActiveCfg = Release|Any CPU
		{E7269126-F550-4EAF-BF45-242E94682C13}.Release|Any CPU.Build.0 = Release|Any CPU
		{E7269126-F550-4EAF-BF45-242E94682C13}.Release|x64.ActiveCfg = Release|Any CPU
		{E7269126-F550-4EAF-BF45-242E94682C13}.Release|x64.Build.0 = Release|Any CPU
		{E7269126-F550-4EAF-BF45-242E94682C13}.Release|x86.ActiveCfg = Release|Any CPU
		{E7269126-F550-4EAF-BF45-242E94682C13}.Release|x86.Build.0 = Release|Any CPU
		{27E940D6-D12A-4EFF-8CCA-9E440452F8F2}.Debug|Any CPU.ActiveCfg = Debug|Any CPU
		{27E940D6-D12A-4EFF-8CCA-9E440452F8F2}.Debug|Any CPU.Build.0 = Debug|Any CPU
		{27E940D6-D12A-4EFF-8CCA-9E440452F8F2}.Debug|x64.ActiveCfg = Debug|Any CPU
		{27E940D6-D12A-4EFF-8CCA-9E440452F8F2}.Debug|x64.Build.0 = Debug|Any CPU
		{27E940D6-D12A-4EFF-8CCA-9E440452F8F2}.Debug|x86.ActiveCfg = Debug|Any CPU
		{27E940D6-D12A-4EFF-8CCA-9E440452F8F2}.Debug|x86.Build.0 = Debug|Any CPU
		{27E940D6-D12A-4EFF-8CCA-9E440452F8F2}.Release|Any CPU.ActiveCfg = Release|Any CPU
		{27E940D6-D12A-4EFF-8CCA-9E440452F8F2}.Release|Any CPU.Build.0 = Release|Any CPU
		{27E940D6-D12A-4EFF-8CCA-9E440452F8F2}.Release|x64.ActiveCfg = Release|Any CPU
		{27E940D6-D12A-4EFF-8CCA-9E440452F8F2}.Release|x64.Build.0 = Release|Any CPU
		{27E940D6-D12A-4EFF-8CCA-9E440452F8F2}.Release|x86.ActiveCfg = Release|Any CPU
		{27E940D6-D12A-4EFF-8CCA-9E440452F8F2}.Release|x86.Build.0 = Release|Any CPU
	EndGlobalSection
	GlobalSection(SolutionProperties) = preSolution
		HideSolutionNode = FALSE
	EndGlobalSection
	GlobalSection(NestedProjects) = preSolution
		{E508C128-6CBC-4CB8-9C49-AD8100348E78} = {827E0CD3-B72D-47B6-A68D-7590B98EB39B}
		{9CA8E467-3997-4B65-9B50-49525E3284A6} = {827E0CD3-B72D-47B6-A68D-7590B98EB39B}
		{E7269126-F550-4EAF-BF45-242E94682C13} = {0AB3BF05-4346-4AA6-1389-037BE0695223}
		{27E940D6-D12A-4EFF-8CCA-9E440452F8F2} = {0AB3BF05-4346-4AA6-1389-037BE0695223}
	EndGlobalSection
EndGlobal
